
Microsoft Visual Studio Solution File, Format Version 12.00
# Visual Studio 15
Project("{FAE04EC0-301F-11D3-BF4B-00C04F79EFBC}") = "Assembly-CSharp", "Assembly-CSharp.csproj", "{FC7024A1-1760-CD96-AC1A-52E9092D8762}"
EndProject
Project("{FAE04EC0-301F-11D3-BF4B-00C04F79EFBC}") = "PhotonUnityNetworking.Demos", "PhotonUnityNetworking.Demos.csproj", "{12616A8E-C5B5-AC8A-C34A-3A0CA5F2ADAB}"
EndProject
Project("{FAE04EC0-301F-11D3-BF4B-00C04F79EFBC}") = "PhotonUnityNetworking.Utilities", "PhotonUnityNetworking.Utilities.csproj", "{692BCD60-8421-87B7-50C9-E9D37FD4F8B9}"
EndProject
Project("{FAE04EC0-301F-11D3-BF4B-00C04F79EFBC}") = "Oculus.VR", "Oculus.VR.csproj", "{33A05290-E093-27A5-12F6-6C788ED28344}"
EndProject
Project("{FAE04EC0-301F-11D3-BF4B-00C04F79EFBC}") = "Oculus.Platform", "Oculus.Platform.csproj", "{A4D685F6-3A4B-F3F8-0DBC-942E117DA9E4}"
EndProject
Project("{FAE04EC0-301F-11D3-BF4B-00C04F79EFBC}") = "PhotonChat", "PhotonChat.csproj", "{5EF42672-5CB8-1B8D-6280-1DE18C90F618}"
EndProject
Project("{FAE04EC0-301F-11D3-BF4B-00C04F79EFBC}") = "PhotonUnityNetworking", "PhotonUnityNetworking.csproj", "{3648B8E2-480E-B850-CFD9-2BD519B2F149}"
EndProject
Project("{FAE04EC0-301F-11D3-BF4B-00C04F79EFBC}") = "PhotonRealtime", "PhotonRealtime.csproj", "{BC9AC325-1592-BE14-3BB3-76BF99F95C49}"
EndProject
Project("{FAE04EC0-301F-11D3-BF4B-00C04F79EFBC}") = "PhotonWebSocket", "PhotonWebSocket.csproj", "{713273E7-EB86-2EC3-B958-D6740D4E7638}"
EndProject
Project("{FAE04EC0-301F-11D3-BF4B-00C04F79EFBC}") = "Assembly-CSharp-Editor", "Assembly-CSharp-Editor.csproj", "{F0B003DE-4C97-1882-6BA1-C7AB38439836}"
EndProject
Project("{FAE04EC0-301F-11D3-BF4B-00C04F79EFBC}") = "Oculus.VR.Scripts.Editor", "Oculus.VR.Scripts.Editor.csproj", "{3FA5CE44-B5D9-6F70-FE28-C69466079565}"
EndProject
Project("{FAE04EC0-301F-11D3-BF4B-00C04F79EFBC}") = "Oculus.VR.Editor", "Oculus.VR.Editor.csproj", "{40E5B6DE-69F8-37A2-5E19-7C8283269C67}"
EndProject
Project("{FAE04EC0-301F-11D3-BF4B-00C04F79EFBC}") = "PhotonUnityNetworking.Editor", "PhotonUnityNetworking.Editor.csproj", "{7873627B-7F4A-AE2F-F83A-1A03FA4BB92C}"
EndProject
Project("{FAE04EC0-301F-11D3-BF4B-00C04F79EFBC}") = "Oculus.Platform.Editor", "Oculus.Platform.Editor.csproj", "{95450580-59AC-0FB9-6E71-545E8E109A24}"
EndProject
Project("{FAE04EC0-301F-11D3-BF4B-00C04F79EFBC}") = "PunDemos.DemoHubEditor", "PunDemos.DemoHubEditor.csproj", "{4C88BC46-4E13-6B02-3060-DDC85F58DBA9}"
EndProject
Project("{FAE04EC0-301F-11D3-BF4B-00C04F79EFBC}") = "PhotonUnityNetworking.Utilities.PhotonPlayer.Editor", "PhotonUnityNetworking.Utilities.PhotonPlayer.Editor.csproj", "{F98EEBDF-C239-36E4-6C1B-94A214B22EC9}"
EndProject
Project("{FAE04EC0-301F-11D3-BF4B-00C04F79EFBC}") = "PhotonUnityNetworking.Utilities.Culling.Editor", "PhotonUnityNetworking.Utilities.Culling.Editor.csproj", "{2BBF0E03-CFBB-670B-A752-C81916FFCC43}"
EndProject
Project("{FAE04EC0-301F-11D3-BF4B-00C04F79EFBC}") = "PunDemos.DemoSlotcarEditor", "PunDemos.DemoSlotcarEditor.csproj", "{C7C52402-5F0F-A351-80C9-DD405940AB10}"
EndProject
Global
	GlobalSection(SolutionConfigurationPlatforms) = preSolution
		Debug|Any CPU = Debug|Any CPU
		Release|Any CPU = Release|Any CPU
	EndGlobalSection
	GlobalSection(ProjectConfigurationPlatforms) = postSolution
		{FC7024A1-1760-CD96-AC1A-52E9092D8762}.Debug|Any CPU.ActiveCfg = Debug|Any CPU
		{FC7024A1-1760-CD96-AC1A-52E9092D8762}.Debug|Any CPU.Build.0 = Debug|Any CPU
		{FC7024A1-1760-CD96-AC1A-52E9092D8762}.Release|Any CPU.ActiveCfg = Release|Any CPU
		{FC7024A1-1760-CD96-AC1A-52E9092D8762}.Release|Any CPU.Build.0 = Release|Any CPU
		{12616A8E-C5B5-AC8A-C34A-3A0CA5F2ADAB}.Debug|Any CPU.ActiveCfg = Debug|Any CPU
		{12616A8E-C5B5-AC8A-C34A-3A0CA5F2ADAB}.Debug|Any CPU.Build.0 = Debug|Any CPU
		{12616A8E-C5B5-AC8A-C34A-3A0CA5F2ADAB}.Release|Any CPU.ActiveCfg = Release|Any CPU
		{12616A8E-C5B5-AC8A-C34A-3A0CA5F2ADAB}.Release|Any CPU.Build.0 = Release|Any CPU
		{692BCD60-8421-87B7-50C9-E9D37FD4F8B9}.Debug|Any CPU.ActiveCfg = Debug|Any CPU
		{692BCD60-8421-87B7-50C9-E9D37FD4F8B9}.Debug|Any CPU.Build.0 = Debug|Any CPU
		{692BCD60-8421-87B7-50C9-E9D37FD4F8B9}.Release|Any CPU.ActiveCfg = Release|Any CPU
		{692BCD60-8421-87B7-50C9-E9D37FD4F8B9}.Release|Any CPU.Build.0 = Release|Any CPU
		{33A05290-E093-27A5-12F6-6C788ED28344}.Debug|Any CPU.ActiveCfg = Debug|Any CPU
		{33A05290-E093-27A5-12F6-6C788ED28344}.Debug|Any CPU.Build.0 = Debug|Any CPU
		{33A05290-E093-27A5-12F6-6C788ED28344}.Release|Any CPU.ActiveCfg = Release|Any CPU
		{33A05290-E093-27A5-12F6-6C788ED28344}.Release|Any CPU.Build.0 = Release|Any CPU
		{A4D685F6-3A4B-F3F8-0DBC-942E117DA9E4}.Debug|Any CPU.ActiveCfg = Debug|Any CPU
		{A4D685F6-3A4B-F3F8-0DBC-942E117DA9E4}.Debug|Any CPU.Build.0 = Debug|Any CPU
		{A4D685F6-3A4B-F3F8-0DBC-942E117DA9E4}.Release|Any CPU.ActiveCfg = Release|Any CPU
		{A4D685F6-3A4B-F3F8-0DBC-942E117DA9E4}.Release|Any CPU.Build.0 = Release|Any CPU
		{5EF42672-5CB8-1B8D-6280-1DE18C90F618}.Debug|Any CPU.ActiveCfg = Debug|Any CPU
		{5EF42672-5CB8-1B8D-6280-1DE18C90F618}.Debug|Any CPU.Build.0 = Debug|Any CPU
		{5EF42672-5CB8-1B8D-6280-1DE18C90F618}.Release|Any CPU.ActiveCfg = Release|Any CPU
		{5EF42672-5CB8-1B8D-6280-1DE18C90F618}.Release|Any CPU.Build.0 = Release|Any CPU
		{3648B8E2-480E-B850-CFD9-2BD519B2F149}.Debug|Any CPU.ActiveCfg = Debug|Any CPU
		{3648B8E2-480E-B850-CFD9-2BD519B2F149}.Debug|Any CPU.Build.0 = Debug|Any CPU
		{3648B8E2-480E-B850-CFD9-2BD519B2F149}.Release|Any CPU.ActiveCfg = Release|Any CPU
		{3648B8E2-480E-B850-CFD9-2BD519B2F149}.Release|Any CPU.Build.0 = Release|Any CPU
		{BC9AC325-1592-BE14-3BB3-76BF99F95C49}.Debug|Any CPU.ActiveCfg = Debug|Any CPU
		{BC9AC325-1592-BE14-3BB3-76BF99F95C49}.Debug|Any CPU.Build.0 = Debug|Any CPU
		{BC9AC325-1592-BE14-3BB3-76BF99F95C49}.Release|Any CPU.ActiveCfg = Release|Any CPU
		{BC9AC325-1592-BE14-3BB3-76BF99F95C49}.Release|Any CPU.Build.0 = Release|Any CPU
		{713273E7-EB86-2EC3-B958-D6740D4E7638}.Debug|Any CPU.ActiveCfg = Debug|Any CPU
		{713273E7-EB86-2EC3-B958-D6740D4E7638}.Debug|Any CPU.Build.0 = Debug|Any CPU
		{713273E7-EB86-2EC3-B958-D6740D4E7638}.Release|Any CPU.ActiveCfg = Release|Any CPU
		{713273E7-EB86-2EC3-B958-D6740D4E7638}.Release|Any CPU.Build.0 = Release|Any CPU
		{F0B003DE-4C97-1882-6BA1-C7AB38439836}.Debug|Any CPU.ActiveCfg = Debug|Any CPU
		{F0B003DE-4C97-1882-6BA1-C7AB38439836}.Debug|Any CPU.Build.0 = Debug|Any CPU
		{F0B003DE-4C97-1882-6BA1-C7AB38439836}.Release|Any CPU.ActiveCfg = Release|Any CPU
		{F0B003DE-4C97-1882-6BA1-C7AB38439836}.Release|Any CPU.Build.0 = Release|Any CPU
		{3FA5CE44-B5D9-6F70-FE28-C69466079565}.Debug|Any CPU.ActiveCfg = Debug|Any CPU
		{3FA5CE44-B5D9-6F70-FE28-C69466079565}.Debug|Any CPU.Build.0 = Debug|Any CPU
		{3FA5CE44-B5D9-6F70-FE28-C69466079565}.Release|Any CPU.ActiveCfg = Release|Any CPU
		{3FA5CE44-B5D9-6F70-FE28-C69466079565}.Release|Any CPU.Build.0 = Release|Any CPU
		{40E5B6DE-69F8-37A2-5E19-7C8283269C67}.Debug|Any CPU.ActiveCfg = Debug|Any CPU
		{40E5B6DE-69F8-37A2-5E19-7C8283269C67}.Debug|Any CPU.Build.0 = Debug|Any CPU
		{40E5B6DE-69F8-37A2-5E19-7C8283269C67}.Release|Any CPU.ActiveCfg = Release|Any CPU
		{40E5B6DE-69F8-37A2-5E19-7C8283269C67}.Release|Any CPU.Build.0 = Release|Any CPU
		{7873627B-7F4A-AE2F-F83A-1A03FA4BB92C}.Debug|Any CPU.ActiveCfg = Debug|Any CPU
		{7873627B-7F4A-AE2F-F83A-1A03FA4BB92C}.Debug|Any CPU.Build.0 = Debug|Any CPU
		{7873627B-7F4A-AE2F-F83A-1A03FA4BB92C}.Release|Any CPU.ActiveCfg = Release|Any CPU
		{7873627B-7F4A-AE2F-F83A-1A03FA4BB92C}.Release|Any CPU.Build.0 = Release|Any CPU
		{95450580-59AC-0FB9-6E71-545E8E109A24}.Debug|Any CPU.ActiveCfg = Debug|Any CPU
		{95450580-59AC-0FB9-6E71-545E8E109A24}.Debug|Any CPU.Build.0 = Debug|Any CPU
		{95450580-59AC-0FB9-6E71-545E8E109A24}.Release|Any CPU.ActiveCfg = Release|Any CPU
		{95450580-59AC-0FB9-6E71-545E8E109A24}.Release|Any CPU.Build.0 = Release|Any CPU
		{4C88BC46-4E13-6B02-3060-DDC85F58DBA9}.Debug|Any CPU.ActiveCfg = Debug|Any CPU
		{4C88BC46-4E13-6B02-3060-DDC85F58DBA9}.Debug|Any CPU.Build.0 = Debug|Any CPU
		{4C88BC46-4E13-6B02-3060-DDC85F58DBA9}.Release|Any CPU.ActiveCfg = Release|Any CPU
		{4C88BC46-4E13-6B02-3060-DDC85F58DBA9}.Release|Any CPU.Build.0 = Release|Any CPU
		{F98EEBDF-C239-36E4-6C1B-94A214B22EC9}.Debug|Any CPU.ActiveCfg = Debug|Any CPU
		{F98EEBDF-C239-36E4-6C1B-94A214B22EC9}.Debug|Any CPU.Build.0 = Debug|Any CPU
		{F98EEBDF-C239-36E4-6C1B-94A214B22EC9}.Release|Any CPU.ActiveCfg = Release|Any CPU
		{F98EEBDF-C239-36E4-6C1B-94A214B22EC9}.Release|Any CPU.Build.0 = Release|Any CPU
		{2BBF0E03-CFBB-670B-A752-C81916FFCC43}.Debug|Any CPU.ActiveCfg = Debug|Any CPU
		{2BBF0E03-CFBB-670B-A752-C81916FFCC43}.Debug|Any CPU.Build.0 = Debug|Any CPU
		{2BBF0E03-CFBB-670B-A752-C81916FFCC43}.Release|Any CPU.ActiveCfg = Release|Any CPU
		{2BBF0E03-CFBB-670B-A752-C81916FFCC43}.Release|Any CPU.Build.0 = Release|Any CPU
		{C7C52402-5F0F-A351-80C9-DD405940AB10}.Debug|Any CPU.ActiveCfg = Debug|Any CPU
		{C7C52402-5F0F-A351-80C9-DD405940AB10}.Debug|Any CPU.Build.0 = Debug|Any CPU
		{C7C52402-5F0F-A351-80C9-DD405940AB10}.Release|Any CPU.ActiveCfg = Release|Any CPU
		{C7C52402-5F0F-A351-80C9-DD405940AB10}.Release|Any CPU.Build.0 = Release|Any CPU
	EndGlobalSection
	GlobalSection(SolutionProperties) = preSolution
		HideSolutionNode = FALSE
	EndGlobalSection
EndGlobal
